
Microsoft Visual Studio Solution File, Format Version 12.00
# Visual Studio 14
VisualStudioVersion = 14.0.25420.1
MinimumVisualStudioVersion = 10.0.40219.1
Project("{FAE04EC0-301F-11D3-BF4B-00C04F79EFBC}") = "Traction.TestConsumer", "Traction.TestConsumer\Traction.TestConsumer.csproj", "{8CAE99A0-3E60-4C93-A5B7-2FED1B219581}"
EndProject
Project("{FAE04EC0-301F-11D3-BF4B-00C04F79EFBC}") = "Traction", "Traction\Traction.csproj", "{2C61D50D-4411-4643-977A-E0F72D87840B}"
EndProject
Project("{2150E333-8FDC-42A3-9474-1A3956D46DE8}") = "Solution Items", "Solution Items", "{41441CA9-54FE-4EB9-89EA-61C4F4F3141A}"
	ProjectSection(SolutionItems) = preProject
		.gitignore = .gitignore
		readme.md = readme.md
	EndProjectSection
EndProject
Project("{FAE04EC0-301F-11D3-BF4B-00C04F79EFBC}") = "Traction.Tests", "Traction.Tests\Traction.Tests.csproj", "{8EDF4429-251A-416D-BB68-93F227191BCF}"
EndProject
Global
	GlobalSection(SolutionConfigurationPlatforms) = preSolution
		Debug|Any CPU = Debug|Any CPU
		DebugOnBuild|Any CPU = DebugOnBuild|Any CPU
		Release|Any CPU = Release|Any CPU
	EndGlobalSection
	GlobalSection(ProjectConfigurationPlatforms) = postSolution
		{8CAE99A0-3E60-4C93-A5B7-2FED1B219581}.Debug|Any CPU.ActiveCfg = Debug|Any CPU
		{8CAE99A0-3E60-4C93-A5B7-2FED1B219581}.Debug|Any CPU.Build.0 = Debug|Any CPU
		{8CAE99A0-3E60-4C93-A5B7-2FED1B219581}.DebugOnBuild|Any CPU.ActiveCfg = DebugOnBuild|Any CPU
		{8CAE99A0-3E60-4C93-A5B7-2FED1B219581}.DebugOnBuild|Any CPU.Build.0 = DebugOnBuild|Any CPU
		{8CAE99A0-3E60-4C93-A5B7-2FED1B219581}.Release|Any CPU.ActiveCfg = Release|Any CPU
		{8CAE99A0-3E60-4C93-A5B7-2FED1B219581}.Release|Any CPU.Build.0 = Release|Any CPU
		{2C61D50D-4411-4643-977A-E0F72D87840B}.Debug|Any CPU.ActiveCfg = Debug|Any CPU
		{2C61D50D-4411-4643-977A-E0F72D87840B}.Debug|Any CPU.Build.0 = Debug|Any CPU
		{2C61D50D-4411-4643-977A-E0F72D87840B}.DebugOnBuild|Any CPU.ActiveCfg = DebugOnBuild|Any CPU
		{2C61D50D-4411-4643-977A-E0F72D87840B}.DebugOnBuild|Any CPU.Build.0 = DebugOnBuild|Any CPU
		{2C61D50D-4411-4643-977A-E0F72D87840B}.Release|Any CPU.ActiveCfg = Release|Any CPU
		{2C61D50D-4411-4643-977A-E0F72D87840B}.Release|Any CPU.Build.0 = Release|Any CPU
		{8EDF4429-251A-416D-BB68-93F227191BCF}.Debug|Any CPU.ActiveCfg = Debug|Any CPU
		{8EDF4429-251A-416D-BB68-93F227191BCF}.Debug|Any CPU.Build.0 = Debug|Any CPU
		{8EDF4429-251A-416D-BB68-93F227191BCF}.DebugOnBuild|Any CPU.ActiveCfg = DebugOnBuild|Any CPU
		{8EDF4429-251A-416D-BB68-93F227191BCF}.DebugOnBuild|Any CPU.Build.0 = DebugOnBuild|Any CPU
		{8EDF4429-251A-416D-BB68-93F227191BCF}.Release|Any CPU.ActiveCfg = Release|Any CPU
		{8EDF4429-251A-416D-BB68-93F227191BCF}.Release|Any CPU.Build.0 = Release|Any CPU
	EndGlobalSection
	GlobalSection(SolutionProperties) = preSolution
		HideSolutionNode = FALSE
	EndGlobalSection
EndGlobal
